
Microsoft Visual Studio Solution File, Format Version 12.00
# Visual Studio Version 17
VisualStudioVersion = 17.13.35825.156 d17.13
MinimumVisualStudioVersion = 10.0.40219.1
Project("{FAE04EC0-301F-11D3-BF4B-00C04F79EFBC}") = "Colocando_em_pratica", "Colocando_em_pratica\Colocando_em_pratica.csproj", "{F7E264CC-8EB7-4290-BF34-CA679214937B}"
EndProject
Global
	GlobalSection(SolutionConfigurationPlatforms) = preSolution
		Debug|Any CPU = Debug|Any CPU
		Release|Any CPU = Release|Any CPU
	EndGlobalSection
	GlobalSection(ProjectConfigurationPlatforms) = postSolution
		{F7E264CC-8EB7-4290-BF34-CA679214937B}.Debug|Any CPU.ActiveCfg = Debug|Any CPU
		{F7E264CC-8EB7-4290-BF34-CA679214937B}.Debug|Any CPU.Build.0 = Debug|Any CPU
		{F7E264CC-8EB7-4290-BF34-CA679214937B}.Release|Any CPU.ActiveCfg = Release|Any CPU
		{F7E264CC-8EB7-4290-BF34-CA679214937B}.Release|Any CPU.Build.0 = Release|Any CPU
	EndGlobalSection
	GlobalSection(SolutionProperties) = preSolution
		HideSolutionNode = FALSE
	EndGlobalSection
	GlobalSection(ExtensibilityGlobals) = postSolution
		SolutionGuid = {0302D2D6-5F69-477B-9A07-26EBE53B0181}
	EndGlobalSection
EndGlobal
